# This file is autogenerated, do not edit; changes may be undone by the next 'dep ensure'.


[[projects]]
  branch = "master"
  name = "github.com/GoogleCloudPlatform/cloud-functions-go"
  packages = ["nodego"]
  revision = "473356866fba27dab4641ac984e93a4ba408c764"

[solve-meta]
  analyzer-name = "dep"
  analyzer-version = 1
  inputs-digest = "fe71cdf4e5ed75d8b93f426f0920ebec3bccde40a6b4a17ce6208a11894329e7"
  solver-name = "gps-cdcl"
  solver-version = 1
